
Microsoft Visual Studio Solution File, Format Version 12.00
# Visual Studio Version 17
VisualStudioVersion = 17.7.34031.279
MinimumVisualStudioVersion = 10.0.40219.1
Project("{9A19103F-16F7-4668-BE54-9A1E7A4F7556}") = "ApiUsuarios", "..\ApiUsuarios\ApiUsuarios\ApiUsuarios.csproj", "{171CC7B1-83B6-4FD5-90A8-A36DE55EA126}"
EndProject
Project("{9A19103F-16F7-4668-BE54-9A1E7A4F7556}") = "GestionDePedidosSB", "..\GestionDePedidosSB\GestionDePedidosSB.csproj", "{37DD0904-7DDB-49BB-B17E-16F507BC9070}"
EndProject
Project("{9A19103F-16F7-4668-BE54-9A1E7A4F7556}") = "ApiGestionPedidos", "..\ApiGestionPedidos\ApiGestionPedidos.csproj", "{5E453D4D-A369-469E-B9A2-58F66B6F752C}"
EndProject
Project("{9A19103F-16F7-4668-BE54-9A1E7A4F7556}") = "UtilidadesGenerales", "..\Utilidades\UtilidadesGenerales.csproj", "{3073CF68-12DE-4E81-806F-E5815B56DA09}"
EndProject
Project("{FAE04EC0-301F-11D3-BF4B-00C04F79EFBC}") = "GestionDePedidosSB_Test", "..\GestionDePedidosSB_Test\GestionDePedidosSB_Test.csproj", "{1A676D10-0E06-4733-A658-82B3280DFCA6}"
EndProject
Global
	GlobalSection(SolutionConfigurationPlatforms) = preSolution
		Debug|Any CPU = Debug|Any CPU
		Release|Any CPU = Release|Any CPU
	EndGlobalSection
	GlobalSection(ProjectConfigurationPlatforms) = postSolution
		{171CC7B1-83B6-4FD5-90A8-A36DE55EA126}.Debug|Any CPU.ActiveCfg = Debug|Any CPU
		{171CC7B1-83B6-4FD5-90A8-A36DE55EA126}.Debug|Any CPU.Build.0 = Debug|Any CPU
		{171CC7B1-83B6-4FD5-90A8-A36DE55EA126}.Release|Any CPU.ActiveCfg = Release|Any CPU
		{171CC7B1-83B6-4FD5-90A8-A36DE55EA126}.Release|Any CPU.Build.0 = Release|Any CPU
		{37DD0904-7DDB-49BB-B17E-16F507BC9070}.Debug|Any CPU.ActiveCfg = Debug|Any CPU
		{37DD0904-7DDB-49BB-B17E-16F507BC9070}.Debug|Any CPU.Build.0 = Debug|Any CPU
		{37DD0904-7DDB-49BB-B17E-16F507BC9070}.Release|Any CPU.ActiveCfg = Release|Any CPU
		{37DD0904-7DDB-49BB-B17E-16F507BC9070}.Release|Any CPU.Build.0 = Release|Any CPU
		{5E453D4D-A369-469E-B9A2-58F66B6F752C}.Debug|Any CPU.ActiveCfg = Debug|Any CPU
		{5E453D4D-A369-469E-B9A2-58F66B6F752C}.Debug|Any CPU.Build.0 = Debug|Any CPU
		{5E453D4D-A369-469E-B9A2-58F66B6F752C}.Release|Any CPU.ActiveCfg = Release|Any CPU
		{5E453D4D-A369-469E-B9A2-58F66B6F752C}.Release|Any CPU.Build.0 = Release|Any CPU
		{3073CF68-12DE-4E81-806F-E5815B56DA09}.Debug|Any CPU.ActiveCfg = Debug|Any CPU
		{3073CF68-12DE-4E81-806F-E5815B56DA09}.Debug|Any CPU.Build.0 = Debug|Any CPU
		{3073CF68-12DE-4E81-806F-E5815B56DA09}.Release|Any CPU.ActiveCfg = Release|Any CPU
		{3073CF68-12DE-4E81-806F-E5815B56DA09}.Release|Any CPU.Build.0 = Release|Any CPU
		{1A676D10-0E06-4733-A658-82B3280DFCA6}.Debug|Any CPU.ActiveCfg = Debug|Any CPU
		{1A676D10-0E06-4733-A658-82B3280DFCA6}.Debug|Any CPU.Build.0 = Debug|Any CPU
		{1A676D10-0E06-4733-A658-82B3280DFCA6}.Release|Any CPU.ActiveCfg = Release|Any CPU
		{1A676D10-0E06-4733-A658-82B3280DFCA6}.Release|Any CPU.Build.0 = Release|Any CPU
	EndGlobalSection
	GlobalSection(SolutionProperties) = preSolution
		HideSolutionNode = FALSE
	EndGlobalSection
	GlobalSection(ExtensibilityGlobals) = postSolution
		SolutionGuid = {CA97DB48-F14C-4118-8EDA-434C11832A39}
	EndGlobalSection
EndGlobal
